{
  "name": "sass2",
  "version": "1.0.0",
  "lockfileVersion": 3,
  "requires": true,
  "packages": {
    "": {
      "name": "sass2",
      "version": "1.0.0",
      "license": "ISC",
      "dependencies": {
        "sass2": "file:"
      }
    },
    "node_modules/sass2": {
      "resolved": "",
      "link": true
    }
  }
}
